{
  "nodes": {
    "blueprint": {
      "inputs": {
        "nixpkgs": [
          "nix-ai-tools",
          "nixpkgs"
        ],
        "systems": "systems"
      },
      "locked": {
        "lastModified": 1755332143,
        "narHash": "sha256-jaiZPA5ND7HPJ4U/bzp+BKGOYR14+rIe9tC6XA4jBHU=",
        "owner": "numtide",
        "repo": "blueprint",
        "rev": "3c8bf84e28df2be19cc6623cb3ceeb6fc0839b91",
        "type": "github"
      },
      "original": {
        "owner": "numtide",
        "repo": "blueprint",
        "type": "github"
      }
    },
    "emacs-overlay": {
      "inputs": {
        "nixpkgs": [
          "nixpkgs"
        ],
        "nixpkgs-stable": "nixpkgs-stable"
      },
      "locked": {
        "lastModified": 1757350436,
        "narHash": "sha256-6vl7soPvHcAmJ5HpA4U5d9OQSht7KRiHQ1uuQfnRirI=",
        "owner": "nix-community",
        "repo": "emacs-overlay",
        "rev": "37c27914ae0c7126e7ab68ab2de42fd980a795de",
        "type": "github"
      },
      "original": {
        "owner": "nix-community",
        "repo": "emacs-overlay",
        "type": "github"
      }
    },
    "home": {
      "inputs": {
        "home-manager": "home-manager",
        "nixpkgs": "nixpkgs",
        "plover-flake": "plover-flake"
      },
      "locked": {
        "lastModified": 1757723024,
        "narHash": "sha256-fnOVn08kepcLudDdQZV3/KKKgxcxeqyejbv8NsjAVHs=",
        "ref": "refs/heads/nixos",
        "rev": "f1f300a9d6ceaa21e5108376c7bcea9de323b907",
        "revCount": 18,
        "type": "git",
        "url": "file:/home/kaidong/.config/home-manager"
      },
      "original": {
        "type": "git",
        "url": "file:/home/kaidong/.config/home-manager"
      }
    },
    "home-manager": {
      "inputs": {
        "nixpkgs": [
          "home",
          "nixpkgs"
        ]
      },
      "locked": {
        "lastModified": 1755121891,
        "narHash": "sha256-UtYkukiGnPRJ5rpd4W/wFVrLMh8fqtNkqHTPgHEtrqU=",
        "owner": "nix-community",
        "repo": "home-manager",
        "rev": "279ca5addcdcfa31ac852b3ecb39fc372684f426",
        "type": "github"
      },
      "original": {
        "owner": "nix-community",
        "repo": "home-manager",
        "type": "github"
      }
    },
    "home-manager_2": {
      "inputs": {
        "nixpkgs": [
          "nixpkgs"
        ]
      },
      "locked": {
        "lastModified": 1756679287,
        "narHash": "sha256-Xd1vOeY9ccDf5VtVK12yM0FS6qqvfUop8UQlxEB+gTQ=",
        "owner": "nix-community",
        "repo": "home-manager",
        "rev": "07fc025fe10487dd80f2ec694f1cd790e752d0e8",
        "type": "github"
      },
      "original": {
        "owner": "nix-community",
        "ref": "release-25.05",
        "repo": "home-manager",
        "type": "github"
      }
    },
    "nix-ai-tools": {
      "inputs": {
        "blueprint": "blueprint",
        "nixpkgs": "nixpkgs_3",
        "treefmt-nix": "treefmt-nix"
      },
      "locked": {
        "lastModified": 1757299745,
        "narHash": "sha256-9tMuMGL0TO9bqAxSlP6tziCFgUGNK04SKQpGH6YtNks=",
        "owner": "numtide",
        "repo": "nix-ai-tools",
        "rev": "61acfdb16d395267e966b1a22e96c5062ef5af99",
        "type": "github"
      },
      "original": {
        "owner": "numtide",
        "repo": "nix-ai-tools",
        "type": "github"
      }
    },
    "nixpkgs": {
      "locked": {
        "lastModified": 1755027561,
        "narHash": "sha256-IVft239Bc8p8Dtvf7UAACMG5P3ZV+3/aO28gXpGtMXI=",
        "owner": "nixos",
        "repo": "nixpkgs",
        "rev": "005433b926e16227259a1843015b5b2b7f7d1fc3",
        "type": "github"
      },
      "original": {
        "owner": "nixos",
        "ref": "nixos-unstable",
        "repo": "nixpkgs",
        "type": "github"
      }
    },
    "nixpkgs-stable": {
      "locked": {
        "lastModified": 1751274312,
        "narHash": "sha256-/bVBlRpECLVzjV19t5KMdMFWSwKLtb5RyXdjz3LJT+g=",
        "owner": "NixOS",
        "repo": "nixpkgs",
        "rev": "50ab793786d9de88ee30ec4e4c24fb4236fc2674",
        "type": "github"
      },
      "original": {
        "owner": "NixOS",
        "ref": "nixos-24.11",
        "repo": "nixpkgs",
        "type": "github"
      }
    },
    "nixpkgs_2": {
      "locked": {
        "lastModified": 1755027561,
        "narHash": "sha256-IVft239Bc8p8Dtvf7UAACMG5P3ZV+3/aO28gXpGtMXI=",
        "owner": "NixOS",
        "repo": "nixpkgs",
        "rev": "005433b926e16227259a1843015b5b2b7f7d1fc3",
        "type": "github"
      },
      "original": {
        "owner": "NixOS",
        "ref": "nixos-unstable",
        "repo": "nixpkgs",
        "type": "github"
      }
    },
    "nixpkgs_3": {
      "locked": {
        "lastModified": 1757068644,
        "narHash": "sha256-NOrUtIhTkIIumj1E/Rsv1J37Yi3xGStISEo8tZm3KW4=",
        "owner": "NixOS",
        "repo": "nixpkgs",
        "rev": "8eb28adfa3dc4de28e792e3bf49fcf9007ca8ac9",
        "type": "github"
      },
      "original": {
        "owner": "NixOS",
        "ref": "nixos-unstable",
        "repo": "nixpkgs",
        "type": "github"
      }
    },
    "nixpkgs_4": {
      "locked": {
        "lastModified": 1757244434,
        "narHash": "sha256-AeqTqY0Y95K1Fgs6wuT1LafBNcmKxcOkWnm4alD9pqM=",
        "owner": "NixOS",
        "repo": "nixpkgs",
        "rev": "092c565d333be1e17b4779ac22104338941d913f",
        "type": "github"
      },
      "original": {
        "owner": "NixOS",
        "ref": "nixos-25.05",
        "repo": "nixpkgs",
        "type": "github"
      }
    },
    "nixpkgs_5": {
      "locked": {
        "lastModified": 1757068644,
        "narHash": "sha256-NOrUtIhTkIIumj1E/Rsv1J37Yi3xGStISEo8tZm3KW4=",
        "owner": "NixOS",
        "repo": "nixpkgs",
        "rev": "8eb28adfa3dc4de28e792e3bf49fcf9007ca8ac9",
        "type": "github"
      },
      "original": {
        "owner": "NixOS",
        "ref": "nixos-unstable",
        "repo": "nixpkgs",
        "type": "github"
      }
    },
    "nixpkgs_6": {
      "locked": {
        "lastModified": 1744868846,
        "narHash": "sha256-5RJTdUHDmj12Qsv7XOhuospjAjATNiTMElplWnJE9Hs=",
        "owner": "NixOS",
        "repo": "nixpkgs",
        "rev": "ebe4301cbd8f81c4f8d3244b3632338bbeb6d49c",
        "type": "github"
      },
      "original": {
        "owner": "NixOS",
        "ref": "nixpkgs-unstable",
        "repo": "nixpkgs",
        "type": "github"
      }
    },
    "plover": {
      "flake": false,
      "locked": {
        "lastModified": 1754761381,
        "narHash": "sha256-bpiU3L2XOtCO3pDUM0SLRKMXN4NGKyMKp8HYQNqyTpo=",
        "owner": "openstenoproject",
        "repo": "plover",
        "rev": "abaf5f82e8b10a4392c6a93cd53256b2ce851c8d",
        "type": "github"
      },
      "original": {
        "owner": "openstenoproject",
        "repo": "plover",
        "type": "github"
      }
    },
    "plover-flake": {
      "inputs": {
        "nixpkgs": "nixpkgs_2",
        "plover": "plover",
        "plover-machine-hid": "plover-machine-hid",
        "plover-stroke": "plover-stroke",
        "plover2cat": "plover2cat",
        "plover_plugins_registry": "plover_plugins_registry",
        "pyobjc": "pyobjc",
        "rtf-tokenize": "rtf-tokenize"
      },
      "locked": {
        "lastModified": 1755144164,
        "narHash": "sha256-JT2kTDFtAhgVVtmTIfqw2l/mJz4afbUsw3NQNUHphFg=",
        "owner": "openstenoproject",
        "repo": "plover-flake",
        "rev": "809dfc9b8498724929c486c9f3ffc953391968fd",
        "type": "github"
      },
      "original": {
        "owner": "openstenoproject",
        "repo": "plover-flake",
        "type": "github"
      }
    },
    "plover-flake_2": {
      "inputs": {
        "nixpkgs": "nixpkgs_5",
        "plover": "plover_2",
        "plover-machine-hid": "plover-machine-hid_2",
        "plover-stroke": "plover-stroke_2",
        "plover2cat": "plover2cat_2",
        "plover_plugins_registry": "plover_plugins_registry_2",
        "pyobjc": "pyobjc_2",
        "rtf-tokenize": "rtf-tokenize_2"
      },
      "locked": {
        "lastModified": 1757303421,
        "narHash": "sha256-CTj3QDM44wmoe1CV+dyAQa+fM2N/55nLD+GSD4+L8tk=",
        "owner": "openstenoproject",
        "repo": "plover-flake",
        "rev": "40bdb88c210fd8af739bb411b2229da98a59ec1e",
        "type": "github"
      },
      "original": {
        "owner": "openstenoproject",
        "repo": "plover-flake",
        "type": "github"
      }
    },
    "plover-machine-hid": {
      "flake": false,
      "locked": {
        "lastModified": 1737480175,
        "narHash": "sha256-gQAPJwOPQB11El2UyM3NOC7JlC0ppdkHiI0qEIFCEA0=",
        "owner": "dnaq",
        "repo": "plover-machine-hid",
        "rev": "5f80c9e53dbc52980cf48b55b1c1278e4f0f025e",
        "type": "github"
      },
      "original": {
        "owner": "dnaq",
        "repo": "plover-machine-hid",
        "type": "github"
      }
    },
    "plover-machine-hid_2": {
      "flake": false,
      "locked": {
        "lastModified": 1757266704,
        "narHash": "sha256-S+NBVnLjWdINTRpNIZvGotNGiMVSnvq1NZRPnKCmZyM=",
        "owner": "dnaq",
        "repo": "plover-machine-hid",
        "rev": "db917f8b2545964fdaa2f664d1d1e2afafae96a1",
        "type": "github"
      },
      "original": {
        "owner": "dnaq",
        "repo": "plover-machine-hid",
        "type": "github"
      }
    },
    "plover-stroke": {
      "flake": false,
      "locked": {
        "lastModified": 1652559629,
        "narHash": "sha256-A75OMzmEn0VmDAvmQCp6/7uptxzwWJTwsih3kWlYioA=",
        "owner": "openstenoproject",
        "repo": "plover_stroke",
        "rev": "e717a1983b58dcba644153a542dbf8514425a39b",
        "type": "github"
      },
      "original": {
        "owner": "openstenoproject",
        "repo": "plover_stroke",
        "type": "github"
      }
    },
    "plover-stroke_2": {
      "flake": false,
      "locked": {
        "lastModified": 1652559629,
        "narHash": "sha256-A75OMzmEn0VmDAvmQCp6/7uptxzwWJTwsih3kWlYioA=",
        "owner": "openstenoproject",
        "repo": "plover_stroke",
        "rev": "e717a1983b58dcba644153a542dbf8514425a39b",
        "type": "github"
      },
      "original": {
        "owner": "openstenoproject",
        "repo": "plover_stroke",
        "type": "github"
      }
    },
    "plover2cat": {
      "flake": false,
      "locked": {
        "lastModified": 1740191225,
        "narHash": "sha256-rAHNYkmEHLvnsKBkirCizGYJNgDzu1XEnLh54fmTW/U=",
        "owner": "greenwyrt",
        "repo": "plover2CAT",
        "rev": "c5187632e5e7a633c141704b1a59d9a5703ecd73",
        "type": "github"
      },
      "original": {
        "owner": "greenwyrt",
        "repo": "plover2CAT",
        "type": "github"
      }
    },
    "plover2cat_2": {
      "flake": false,
      "locked": {
        "lastModified": 1757218352,
        "narHash": "sha256-DFd61aS8X6fESeEBcpsivv1p2FmSS9NunI73s2Op4T0=",
        "owner": "greenwyrt",
        "repo": "plover2CAT",
        "rev": "fd1a56086d2c99ab49e8465ce7fc408bcd6768b8",
        "type": "github"
      },
      "original": {
        "owner": "greenwyrt",
        "repo": "plover2CAT",
        "type": "github"
      }
    },
    "plover_2": {
      "flake": false,
      "locked": {
        "lastModified": 1756841809,
        "narHash": "sha256-EWXrWZjRNTDFv0US7aCVGQggJEjHLzaGyxgtXB7O+fA=",
        "owner": "openstenoproject",
        "repo": "plover",
        "rev": "415ba9628e6e30fd29ca2cfb468e9a929bf4ea9c",
        "type": "github"
      },
      "original": {
        "owner": "openstenoproject",
        "repo": "plover",
        "type": "github"
      }
    },
    "plover_plugins_registry": {
      "flake": false,
      "locked": {
        "lastModified": 1746250566,
        "narHash": "sha256-PvR6XhDokshD+yFAZ9/Xen/gThguxbMlHKwabSIL6hk=",
        "owner": "openstenoproject",
        "repo": "plover_plugins_registry",
        "rev": "52e8959bc4b671dc82fc4117d46d60d3aefc9638",
        "type": "github"
      },
      "original": {
        "owner": "openstenoproject",
        "repo": "plover_plugins_registry",
        "type": "github"
      }
    },
    "plover_plugins_registry_2": {
      "flake": false,
      "locked": {
        "lastModified": 1756352162,
        "narHash": "sha256-m8znoAJPbir4FvSqJ7Kl3pARd+7lJxJ2jPw0ZXKtb6M=",
        "owner": "openstenoproject",
        "repo": "plover_plugins_registry",
        "rev": "cdcc136e9d840d71a14c1ada8ea5a4959f7ddb26",
        "type": "github"
      },
      "original": {
        "owner": "openstenoproject",
        "repo": "plover_plugins_registry",
        "type": "github"
      }
    },
    "pyobjc": {
      "flake": false,
      "locked": {
        "lastModified": 1736669867,
        "narHash": "sha256-Kj1CH1+RYTFszao9G7P3fnsgBjTcvsq4ZpxdjHzQ520=",
        "owner": "ronaldoussoren",
        "repo": "pyobjc",
        "rev": "e29d3a0c80b5bb852e4311ce10827efab9844c6c",
        "type": "github"
      },
      "original": {
        "owner": "ronaldoussoren",
        "ref": "v11.0",
        "repo": "pyobjc",
        "type": "github"
      }
    },
    "pyobjc_2": {
      "flake": false,
      "locked": {
        "lastModified": 1736669867,
        "narHash": "sha256-Kj1CH1+RYTFszao9G7P3fnsgBjTcvsq4ZpxdjHzQ520=",
        "owner": "ronaldoussoren",
        "repo": "pyobjc",
        "rev": "e29d3a0c80b5bb852e4311ce10827efab9844c6c",
        "type": "github"
      },
      "original": {
        "owner": "ronaldoussoren",
        "ref": "v11.0",
        "repo": "pyobjc",
        "type": "github"
      }
    },
    "root": {
      "inputs": {
        "emacs-overlay": "emacs-overlay",
        "home": "home",
        "home-manager": "home-manager_2",
        "nix-ai-tools": "nix-ai-tools",
        "nixpkgs": "nixpkgs_4",
        "plover-flake": "plover-flake_2",
        "sops-nix": "sops-nix"
      }
    },
    "rtf-tokenize": {
      "flake": false,
      "locked": {
        "lastModified": 1751102035,
        "narHash": "sha256-bM/DFl1mpHgeBItdyA5Tt+Eo9u82Gz+6qwft2h0bM94=",
        "owner": "openstenoproject",
        "repo": "rtf_tokenize",
        "rev": "5c4ad772f4b45ceb35b60584e22a171e90526916",
        "type": "github"
      },
      "original": {
        "owner": "openstenoproject",
        "repo": "rtf_tokenize",
        "type": "github"
      }
    },
    "rtf-tokenize_2": {
      "flake": false,
      "locked": {
        "lastModified": 1751102035,
        "narHash": "sha256-bM/DFl1mpHgeBItdyA5Tt+Eo9u82Gz+6qwft2h0bM94=",
        "owner": "openstenoproject",
        "repo": "rtf_tokenize",
        "rev": "5c4ad772f4b45ceb35b60584e22a171e90526916",
        "type": "github"
      },
      "original": {
        "owner": "openstenoproject",
        "repo": "rtf_tokenize",
        "type": "github"
      }
    },
    "sops-nix": {
      "inputs": {
        "nixpkgs": "nixpkgs_6"
      },
      "locked": {
        "lastModified": 1754988908,
        "narHash": "sha256-t+voe2961vCgrzPFtZxha0/kmFSHFobzF00sT8p9h0U=",
        "owner": "Mic92",
        "repo": "sops-nix",
        "rev": "3223c7a92724b5d804e9988c6b447a0d09017d48",
        "type": "github"
      },
      "original": {
        "owner": "Mic92",
        "repo": "sops-nix",
        "type": "github"
      }
    },
    "systems": {
      "locked": {
        "lastModified": 1681028828,
        "narHash": "sha256-Vy1rq5AaRuLzOxct8nz4T6wlgyUR7zLU309k9mBC768=",
        "owner": "nix-systems",
        "repo": "default",
        "rev": "da67096a3b9bf56a91d16901293e51ba5b49a27e",
        "type": "github"
      },
      "original": {
        "owner": "nix-systems",
        "repo": "default",
        "type": "github"
      }
    },
    "treefmt-nix": {
      "inputs": {
        "nixpkgs": [
          "nix-ai-tools",
          "nixpkgs"
        ]
      },
      "locked": {
        "lastModified": 1756662192,
        "narHash": "sha256-F1oFfV51AE259I85av+MAia221XwMHCOtZCMcZLK2Jk=",
        "owner": "numtide",
        "repo": "treefmt-nix",
        "rev": "1aabc6c05ccbcbf4a635fb7a90400e44282f61c4",
        "type": "github"
      },
      "original": {
        "owner": "numtide",
        "repo": "treefmt-nix",
        "type": "github"
      }
    }
  },
  "root": "root",
  "version": 7
}
