{
  "nodes": {
    "blueprint": {
      "inputs": {
        "nixpkgs": [
          "nix-ai-tools",
          "nixpkgs"
        ],
        "systems": "systems_2"
      },
      "locked": {
        "lastModified": 1769353768,
        "narHash": "sha256-zI+7cbMI4wMIR57jMjDSEsVb3grapTnURDxxJPYFIW0=",
        "owner": "numtide",
        "repo": "blueprint",
        "rev": "c7da5c70ad1c9b60b6f5d4f674fbe205d48d8f6c",
        "type": "github"
      },
      "original": {
        "owner": "numtide",
        "repo": "blueprint",
        "type": "github"
      }
    },
    "fakwin": {
      "inputs": {
        "flake-parts": "flake-parts",
        "nixpkgs": [
          "nixpkgs"
        ]
      },
      "locked": {
        "lastModified": 1767192909,
        "narHash": "sha256-q5YHsp2EG/d/w36eLMEdEDCy6/3Ffuy/pRzDGXO40Sk=",
        "owner": "DMaroo",
        "repo": "fakwin",
        "rev": "79bce1f78ab2f1047dac68d0a519a22352c544ec",
        "type": "github"
      },
      "original": {
        "owner": "DMaroo",
        "repo": "fakwin",
        "type": "github"
      }
    },
    "flake-compat": {
      "flake": false,
      "locked": {
        "lastModified": 1747046372,
        "narHash": "sha256-CIVLLkVgvHYbgI2UpXvIIBJ12HWgX+fjA8Xf8PUmqCY=",
        "owner": "edolstra",
        "repo": "flake-compat",
        "rev": "9100a0f413b0c601e0533d1d94ffd501ce2e7885",
        "type": "github"
      },
      "original": {
        "owner": "edolstra",
        "repo": "flake-compat",
        "type": "github"
      }
    },
    "flake-parts": {
      "inputs": {
        "nixpkgs-lib": "nixpkgs-lib"
      },
      "locked": {
        "lastModified": 1754487366,
        "narHash": "sha256-pHYj8gUBapuUzKV/kN/tR3Zvqc7o6gdFB9XKXIp1SQ8=",
        "owner": "hercules-ci",
        "repo": "flake-parts",
        "rev": "af66ad14b28a127c5c0f3bbb298218fc63528a18",
        "type": "github"
      },
      "original": {
        "owner": "hercules-ci",
        "repo": "flake-parts",
        "type": "github"
      }
    },
    "flake-utils": {
      "inputs": {
        "systems": "systems"
      },
      "locked": {
        "lastModified": 1731533236,
        "narHash": "sha256-l0KFg5HjrsfsO/JpG+r7fRrqm12kzFHyUHqHCVpMMbI=",
        "owner": "numtide",
        "repo": "flake-utils",
        "rev": "11707dc2f618dd54ca8739b309ec4fc024de578b",
        "type": "github"
      },
      "original": {
        "owner": "numtide",
        "repo": "flake-utils",
        "type": "github"
      }
    },
    "flake-utils_2": {
      "inputs": {
        "systems": "systems_3"
      },
      "locked": {
        "lastModified": 1731533236,
        "narHash": "sha256-l0KFg5HjrsfsO/JpG+r7fRrqm12kzFHyUHqHCVpMMbI=",
        "owner": "numtide",
        "repo": "flake-utils",
        "rev": "11707dc2f618dd54ca8739b309ec4fc024de578b",
        "type": "github"
      },
      "original": {
        "owner": "numtide",
        "repo": "flake-utils",
        "type": "github"
      }
    },
    "fontconfig": {
      "inputs": {
        "flake-utils": "flake-utils",
        "nixpkgs": "nixpkgs"
      },
      "locked": {
        "lastModified": 1767909919,
        "narHash": "sha256-WIzlqOHW6nAD0cBG9O0u7DdKg0aNBqHcjzbqcn1VqNs=",
        "owner": "hukaidong",
        "repo": "flake-fonts",
        "rev": "cb7c278564a038606f8611fd8270383bda8af464",
        "type": "github"
      },
      "original": {
        "owner": "hukaidong",
        "repo": "flake-fonts",
        "type": "github"
      }
    },
    "home-manager": {
      "inputs": {
        "nixpkgs": [
          "nixpkgs"
        ]
      },
      "locked": {
        "lastModified": 1770260404,
        "narHash": "sha256-3iVX1+7YUIt23hBx1WZsUllhbmP2EnXrV8tCRbLxHc8=",
        "owner": "nix-community",
        "repo": "home-manager",
        "rev": "0d782ee42c86b196acff08acfbf41bb7d13eed5b",
        "type": "github"
      },
      "original": {
        "owner": "nix-community",
        "ref": "release-25.11",
        "repo": "home-manager",
        "type": "github"
      }
    },
    "nix-ai-tools": {
      "inputs": {
        "blueprint": "blueprint",
        "nixpkgs": "nixpkgs_2",
        "treefmt-nix": "treefmt-nix"
      },
      "locked": {
        "lastModified": 1771211873,
        "narHash": "sha256-pt6pz2UCrfPpH86C1BSWaThbD1cHvYyZYs0ociv7txQ=",
        "owner": "numtide",
        "repo": "nix-ai-tools",
        "rev": "b73c33c4a725c11287add48d74a174dd109fcd0b",
        "type": "github"
      },
      "original": {
        "owner": "numtide",
        "repo": "nix-ai-tools",
        "type": "github"
      }
    },
    "nix-index-database": {
      "inputs": {
        "nixpkgs": [
          "nixpkgs"
        ]
      },
      "locked": {
        "lastModified": 1771130777,
        "narHash": "sha256-UIKOwG0D9XVIJfNWg6+gENAvQP+7LO46eO0Jpe+ItJ0=",
        "owner": "nix-community",
        "repo": "nix-index-database",
        "rev": "efec7aaad8d43f8e5194df46a007456093c40f88",
        "type": "github"
      },
      "original": {
        "owner": "nix-community",
        "repo": "nix-index-database",
        "type": "github"
      }
    },
    "nixpkgs": {
      "locked": {
        "lastModified": 1767767207,
        "narHash": "sha256-Mj3d3PfwltLmukFal5i3fFt27L6NiKXdBezC1EBuZs4=",
        "owner": "NixOS",
        "repo": "nixpkgs",
        "rev": "5912c1772a44e31bf1c63c0390b90501e5026886",
        "type": "github"
      },
      "original": {
        "owner": "NixOS",
        "ref": "nixos-unstable",
        "repo": "nixpkgs",
        "type": "github"
      }
    },
    "nixpkgs-lib": {
      "locked": {
        "lastModified": 1753579242,
        "narHash": "sha256-zvaMGVn14/Zz8hnp4VWT9xVnhc8vuL3TStRqwk22biA=",
        "owner": "nix-community",
        "repo": "nixpkgs.lib",
        "rev": "0f36c44e01a6129be94e3ade315a5883f0228a6e",
        "type": "github"
      },
      "original": {
        "owner": "nix-community",
        "repo": "nixpkgs.lib",
        "type": "github"
      }
    },
    "nixpkgs-ruby": {
      "inputs": {
        "flake-compat": "flake-compat",
        "flake-utils": "flake-utils_2",
        "nixpkgs": "nixpkgs_4"
      },
      "locked": {
        "lastModified": 1770273217,
        "narHash": "sha256-biMRh5KRKwtDbyHaBTmdrQxB0Ua2SlMEF+krGH1tPt0=",
        "owner": "bobvanderlinden",
        "repo": "nixpkgs-ruby",
        "rev": "8b840328105a5d6d5c0aac9d3d12d7e2213aac33",
        "type": "github"
      },
      "original": {
        "owner": "bobvanderlinden",
        "repo": "nixpkgs-ruby",
        "type": "github"
      }
    },
    "nixpkgs-unstable": {
      "locked": {
        "lastModified": 1771008912,
        "narHash": "sha256-gf2AmWVTs8lEq7z/3ZAsgnZDhWIckkb+ZnAo5RzSxJg=",
        "owner": "NixOS",
        "repo": "nixpkgs",
        "rev": "a82ccc39b39b621151d6732718e3e250109076fa",
        "type": "github"
      },
      "original": {
        "owner": "NixOS",
        "ref": "nixos-unstable",
        "repo": "nixpkgs",
        "type": "github"
      }
    },
    "nixpkgs_2": {
      "locked": {
        "lastModified": 1771147098,
        "narHash": "sha256-jpfPdBjKO232s5NueoNEvvVzpndiUzPLNYcH4/Ov0gY=",
        "owner": "NixOS",
        "repo": "nixpkgs",
        "rev": "e3cb16bccd9facebae3ba29c6a76a4cc1b73462a",
        "type": "github"
      },
      "original": {
        "owner": "NixOS",
        "ref": "nixpkgs-unstable",
        "repo": "nixpkgs",
        "type": "github"
      }
    },
    "nixpkgs_3": {
      "locked": {
        "lastModified": 1771043024,
        "narHash": "sha256-O1XDr7EWbRp+kHrNNgLWgIrB0/US5wvw9K6RERWAj6I=",
        "owner": "NixOS",
        "repo": "nixpkgs",
        "rev": "3aadb7ca9eac2891d52a9dec199d9580a6e2bf44",
        "type": "github"
      },
      "original": {
        "owner": "NixOS",
        "ref": "nixos-25.11",
        "repo": "nixpkgs",
        "type": "github"
      }
    },
    "nixpkgs_4": {
      "locked": {
        "lastModified": 1752620740,
        "narHash": "sha256-f3pO+9lg66mV7IMmmIqG4PL3223TYMlnlw+pnpelbss=",
        "owner": "NixOS",
        "repo": "nixpkgs",
        "rev": "32a4e87942101f1c9f9865e04dc3ddb175f5f32e",
        "type": "github"
      },
      "original": {
        "owner": "NixOS",
        "ref": "nixos-25.05",
        "repo": "nixpkgs",
        "type": "github"
      }
    },
    "nixpkgs_5": {
      "locked": {
        "lastModified": 1771008912,
        "narHash": "sha256-gf2AmWVTs8lEq7z/3ZAsgnZDhWIckkb+ZnAo5RzSxJg=",
        "owner": "NixOS",
        "repo": "nixpkgs",
        "rev": "a82ccc39b39b621151d6732718e3e250109076fa",
        "type": "github"
      },
      "original": {
        "owner": "NixOS",
        "ref": "nixos-unstable",
        "repo": "nixpkgs",
        "type": "github"
      }
    },
    "nixpkgs_6": {
      "locked": {
        "lastModified": 1770843696,
        "narHash": "sha256-LovWTGDwXhkfCOmbgLVA10bvsi/P8eDDpRudgk68HA8=",
        "owner": "NixOS",
        "repo": "nixpkgs",
        "rev": "2343bbb58f99267223bc2aac4fc9ea301a155a16",
        "type": "github"
      },
      "original": {
        "owner": "NixOS",
        "ref": "nixpkgs-unstable",
        "repo": "nixpkgs",
        "type": "github"
      }
    },
    "plover": {
      "flake": false,
      "locked": {
        "lastModified": 1770872141,
        "narHash": "sha256-i9c4BI+C3N0/En75jPwYL+rcezHWjAVhjL5lIEDVdjI=",
        "owner": "openstenoproject",
        "repo": "plover",
        "rev": "a2664f2f8ee7623b3241c0762801b4133ee540c3",
        "type": "github"
      },
      "original": {
        "owner": "openstenoproject",
        "repo": "plover",
        "type": "github"
      }
    },
    "plover-flake": {
      "inputs": {
        "nixpkgs": "nixpkgs_5",
        "plover": "plover",
        "plover-stroke": "plover-stroke",
        "plover2cat": "plover2cat",
        "plover_plugins_registry": "plover_plugins_registry",
        "rtf-tokenize": "rtf-tokenize"
      },
      "locked": {
        "lastModified": 1771206338,
        "narHash": "sha256-8xmN+wGaS2MzImGvbeDHo9y0gL372oeaGidc8hZIUQE=",
        "owner": "openstenoproject",
        "repo": "plover-flake",
        "rev": "d03dedbf2ccefc1264c4ec2b94a84e01339c3b8f",
        "type": "github"
      },
      "original": {
        "owner": "openstenoproject",
        "repo": "plover-flake",
        "type": "github"
      }
    },
    "plover-stroke": {
      "flake": false,
      "locked": {
        "lastModified": 1652559629,
        "narHash": "sha256-A75OMzmEn0VmDAvmQCp6/7uptxzwWJTwsih3kWlYioA=",
        "owner": "openstenoproject",
        "repo": "plover_stroke",
        "rev": "e717a1983b58dcba644153a542dbf8514425a39b",
        "type": "github"
      },
      "original": {
        "owner": "openstenoproject",
        "repo": "plover_stroke",
        "type": "github"
      }
    },
    "plover2cat": {
      "flake": false,
      "locked": {
        "lastModified": 1771107964,
        "narHash": "sha256-85dp1muWY3HEbZovwu+MmVjWCGfeodhwfno/WVj5gnM=",
        "owner": "greenwyrt",
        "repo": "plover2CAT",
        "rev": "e4c589a5c339ce0f6e2793053dcffa3f20efaccb",
        "type": "github"
      },
      "original": {
        "owner": "greenwyrt",
        "repo": "plover2CAT",
        "type": "github"
      }
    },
    "plover_plugins_registry": {
      "flake": false,
      "locked": {
        "lastModified": 1770827307,
        "narHash": "sha256-DAW9pKxDHJUbgYAVzYu+aeeC0CdX6GaX7RMo6xweBI0=",
        "owner": "openstenoproject",
        "repo": "plover_plugins_registry",
        "rev": "626c91a685497a7f51719015caa438b98b0cd5ea",
        "type": "github"
      },
      "original": {
        "owner": "openstenoproject",
        "repo": "plover_plugins_registry",
        "type": "github"
      }
    },
    "root": {
      "inputs": {
        "fakwin": "fakwin",
        "fontconfig": "fontconfig",
        "home-manager": "home-manager",
        "nix-ai-tools": "nix-ai-tools",
        "nix-index-database": "nix-index-database",
        "nixpkgs": "nixpkgs_3",
        "nixpkgs-ruby": "nixpkgs-ruby",
        "nixpkgs-unstable": "nixpkgs-unstable",
        "plover-flake": "plover-flake",
        "sops-nix": "sops-nix"
      }
    },
    "rtf-tokenize": {
      "flake": false,
      "locked": {
        "lastModified": 1751102035,
        "narHash": "sha256-bM/DFl1mpHgeBItdyA5Tt+Eo9u82Gz+6qwft2h0bM94=",
        "owner": "openstenoproject",
        "repo": "rtf_tokenize",
        "rev": "5c4ad772f4b45ceb35b60584e22a171e90526916",
        "type": "github"
      },
      "original": {
        "owner": "openstenoproject",
        "repo": "rtf_tokenize",
        "type": "github"
      }
    },
    "sops-nix": {
      "inputs": {
        "nixpkgs": "nixpkgs_6"
      },
      "locked": {
        "lastModified": 1771166946,
        "narHash": "sha256-UFc4lfGBr+wJmwgDGJDn1cVD6DTr0/8TdronNUiyXlU=",
        "owner": "Mic92",
        "repo": "sops-nix",
        "rev": "2d0cf89b4404529778bc82de7e42b5754e0fe4fa",
        "type": "github"
      },
      "original": {
        "owner": "Mic92",
        "repo": "sops-nix",
        "type": "github"
      }
    },
    "systems": {
      "locked": {
        "lastModified": 1681028828,
        "narHash": "sha256-Vy1rq5AaRuLzOxct8nz4T6wlgyUR7zLU309k9mBC768=",
        "owner": "nix-systems",
        "repo": "default",
        "rev": "da67096a3b9bf56a91d16901293e51ba5b49a27e",
        "type": "github"
      },
      "original": {
        "owner": "nix-systems",
        "repo": "default",
        "type": "github"
      }
    },
    "systems_2": {
      "locked": {
        "lastModified": 1681028828,
        "narHash": "sha256-Vy1rq5AaRuLzOxct8nz4T6wlgyUR7zLU309k9mBC768=",
        "owner": "nix-systems",
        "repo": "default",
        "rev": "da67096a3b9bf56a91d16901293e51ba5b49a27e",
        "type": "github"
      },
      "original": {
        "owner": "nix-systems",
        "repo": "default",
        "type": "github"
      }
    },
    "systems_3": {
      "locked": {
        "lastModified": 1681028828,
        "narHash": "sha256-Vy1rq5AaRuLzOxct8nz4T6wlgyUR7zLU309k9mBC768=",
        "owner": "nix-systems",
        "repo": "default",
        "rev": "da67096a3b9bf56a91d16901293e51ba5b49a27e",
        "type": "github"
      },
      "original": {
        "owner": "nix-systems",
        "repo": "default",
        "type": "github"
      }
    },
    "treefmt-nix": {
      "inputs": {
        "nixpkgs": [
          "nix-ai-tools",
          "nixpkgs"
        ]
      },
      "locked": {
        "lastModified": 1770228511,
        "narHash": "sha256-wQ6NJSuFqAEmIg2VMnLdCnUc0b7vslUohqqGGD+Fyxk=",
        "owner": "numtide",
        "repo": "treefmt-nix",
        "rev": "337a4fe074be1042a35086f15481d763b8ddc0e7",
        "type": "github"
      },
      "original": {
        "owner": "numtide",
        "repo": "treefmt-nix",
        "type": "github"
      }
    }
  },
  "root": "root",
  "version": 7
}
